
Microsoft Visual Studio Solution File, Format Version 12.00
# Visual Studio Version 16
VisualStudioVersion = 16.0.31025.194
MinimumVisualStudioVersion = 10.0.40219.1
Project("{FAE04EC0-301F-11D3-BF4B-00C04F79EFBC}") = "WinFormsApp1", "WinFormsApp1\WinFormsApp1.csproj", "{85F9DDA5-CEEB-412F-8C38-1DCFF7F3DDA6}"
EndProject
Global
	GlobalSection(SolutionConfigurationPlatforms) = preSolution
		Debug|Any CPU = Debug|Any CPU
		Release|Any CPU = Release|Any CPU
	EndGlobalSection
	GlobalSection(ProjectConfigurationPlatforms) = postSolution
		{85F9DDA5-CEEB-412F-8C38-1DCFF7F3DDA6}.Debug|Any CPU.ActiveCfg = Debug|Any CPU
		{85F9DDA5-CEEB-412F-8C38-1DCFF7F3DDA6}.Debug|Any CPU.Build.0 = Debug|Any CPU
		{85F9DDA5-CEEB-412F-8C38-1DCFF7F3DDA6}.Release|Any CPU.ActiveCfg = Release|Any CPU
		{85F9DDA5-CEEB-412F-8C38-1DCFF7F3DDA6}.Release|Any CPU.Build.0 = Release|Any CPU
	EndGlobalSection
	GlobalSection(SolutionProperties) = preSolution
		HideSolutionNode = FALSE
	EndGlobalSection
	GlobalSection(ExtensibilityGlobals) = postSolution
		SolutionGuid = {79EA4BD6-F205-4A6C-88DA-BA1E4FB456A5}
	EndGlobalSection
EndGlobal
